
Microsoft Visual Studio Solution File, Format Version 12.00
# Visual Studio 15
VisualStudioVersion = 15.0.26228.9
MinimumVisualStudioVersion = 10.0.40219.1
Project("{FAE04EC0-301F-11D3-BF4B-00C04F79EFBC}") = "Announcements", "Announcements\Announcements.csproj", "{5726396A-EB9B-4EF1-A3F8-3C62B402DE14}"
EndProject
Project("{FAE04EC0-301F-11D3-BF4B-00C04F79EFBC}") = "Announcements.Tests", "Announcements.Tests\Announcements.Tests.csproj", "{81E858E5-186D-4C8D-91C5-98F5A1DEB38A}"
EndProject
Project("{FAE04EC0-301F-11D3-BF4B-00C04F79EFBC}") = "Repository", "Repository\Repository.csproj", "{54A2B60B-2B19-44BD-849A-C91FD6F2FEED}"
EndProject
Global
	GlobalSection(SolutionConfigurationPlatforms) = preSolution
		Debug|Any CPU = Debug|Any CPU
		Release|Any CPU = Release|Any CPU
	EndGlobalSection
	GlobalSection(ProjectConfigurationPlatforms) = postSolution
		{5726396A-EB9B-4EF1-A3F8-3C62B402DE14}.Debug|Any CPU.ActiveCfg = Debug|Any CPU
		{5726396A-EB9B-4EF1-A3F8-3C62B402DE14}.Debug|Any CPU.Build.0 = Debug|Any CPU
		{5726396A-EB9B-4EF1-A3F8-3C62B402DE14}.Release|Any CPU.ActiveCfg = Release|Any CPU
		{5726396A-EB9B-4EF1-A3F8-3C62B402DE14}.Release|Any CPU.Build.0 = Release|Any CPU
		{81E858E5-186D-4C8D-91C5-98F5A1DEB38A}.Debug|Any CPU.ActiveCfg = Debug|Any CPU
		{81E858E5-186D-4C8D-91C5-98F5A1DEB38A}.Debug|Any CPU.Build.0 = Debug|Any CPU
		{81E858E5-186D-4C8D-91C5-98F5A1DEB38A}.Release|Any CPU.ActiveCfg = Release|Any CPU
		{81E858E5-186D-4C8D-91C5-98F5A1DEB38A}.Release|Any CPU.Build.0 = Release|Any CPU
		{54A2B60B-2B19-44BD-849A-C91FD6F2FEED}.Debug|Any CPU.ActiveCfg = Debug|Any CPU
		{54A2B60B-2B19-44BD-849A-C91FD6F2FEED}.Debug|Any CPU.Build.0 = Debug|Any CPU
		{54A2B60B-2B19-44BD-849A-C91FD6F2FEED}.Release|Any CPU.ActiveCfg = Release|Any CPU
		{54A2B60B-2B19-44BD-849A-C91FD6F2FEED}.Release|Any CPU.Build.0 = Release|Any CPU
	EndGlobalSection
	GlobalSection(SolutionProperties) = preSolution
		HideSolutionNode = FALSE
	EndGlobalSection
EndGlobal
